
Microsoft Visual Studio Solution File, Format Version 12.00
# Visual Studio Version 17
VisualStudioVersion = 17.2.32630.192
MinimumVisualStudioVersion = 10.0.40219.1
Project("{FAE04EC0-301F-11D3-BF4B-00C04F79EFBC}") = "PayTaxiPortal", "PayTaxiPortal\PayTaxiPortal.csproj", "{4856FCB2-0D20-4891-96EC-776B4FC9E060}"
EndProject
Global
	GlobalSection(SolutionConfigurationPlatforms) = preSolution
		Debug|Any CPU = Debug|Any CPU
		Release|Any CPU = Release|Any CPU
	EndGlobalSection
	GlobalSection(ProjectConfigurationPlatforms) = postSolution
		{4856FCB2-0D20-4891-96EC-776B4FC9E060}.Debug|Any CPU.ActiveCfg = Debug|Any CPU
		{4856FCB2-0D20-4891-96EC-776B4FC9E060}.Debug|Any CPU.Build.0 = Debug|Any CPU
		{4856FCB2-0D20-4891-96EC-776B4FC9E060}.Release|Any CPU.ActiveCfg = Release|Any CPU
		{4856FCB2-0D20-4891-96EC-776B4FC9E060}.Release|Any CPU.Build.0 = Release|Any CPU
	EndGlobalSection
	GlobalSection(SolutionProperties) = preSolution
		HideSolutionNode = FALSE
	EndGlobalSection
	GlobalSection(ExtensibilityGlobals) = postSolution
		SolutionGuid = {5EAFA080-4AF7-4B11-99D2-60DF3EA5E397}
	EndGlobalSection
EndGlobal
